
Microsoft Visual Studio Solution File, Format Version 12.00
# Visual Studio 15
VisualStudioVersion = 15.0.27703.2047
MinimumVisualStudioVersion = 10.0.40219.1
Project("{FAE04EC0-301F-11D3-BF4B-00C04F79EFBC}") = "25-DosVectoresElTerceroIgualAlMenor", "25-DosVectoresElTerceroIgualAlMenor\25-DosVectoresElTerceroIgualAlMenor.csproj", "{D4FD82FF-42B1-45FB-9B86-F639F34D7EF9}"
EndProject
Global
	GlobalSection(SolutionConfigurationPlatforms) = preSolution
		Debug|Any CPU = Debug|Any CPU
		Release|Any CPU = Release|Any CPU
	EndGlobalSection
	GlobalSection(ProjectConfigurationPlatforms) = postSolution
		{D4FD82FF-42B1-45FB-9B86-F639F34D7EF9}.Debug|Any CPU.ActiveCfg = Debug|Any CPU
		{D4FD82FF-42B1-45FB-9B86-F639F34D7EF9}.Debug|Any CPU.Build.0 = Debug|Any CPU
		{D4FD82FF-42B1-45FB-9B86-F639F34D7EF9}.Release|Any CPU.ActiveCfg = Release|Any CPU
		{D4FD82FF-42B1-45FB-9B86-F639F34D7EF9}.Release|Any CPU.Build.0 = Release|Any CPU
	EndGlobalSection
	GlobalSection(SolutionProperties) = preSolution
		HideSolutionNode = FALSE
	EndGlobalSection
	GlobalSection(ExtensibilityGlobals) = postSolution
		SolutionGuid = {7F049F1F-5E5F-4D37-9DA4-93C108557FB1}
	EndGlobalSection
EndGlobal
